// !$*UTF8*$!
{
	archiveVersion = 1;
	classes = {
	};
	objectVersion = 56;
	objects = {

/* Begin PBXBuildFile section */
		6E33B0B12CB5704300B68E0C /* MapView.swift in Sources */ = {isa = PBXBuildFile; fileRef = 6E33B0B02CB5704300B68E0C /* MapView.swift */; };
		6E33B0B82CB58C1600B68E0C /* MockWeatherService.swift in Sources */ = {isa = PBXBuildFile; fileRef = 6E33B0B72CB58C1600B68E0C /* MockWeatherService.swift */; };
		6E33B0BA2CB58C3900B68E0C /* MockLocationManager.swift in Sources */ = {isa = PBXBuildFile; fileRef = 6E33B0B92CB58C3900B68E0C /* MockLocationManager.swift */; };
		6E33B0BC2CB58EE400B68E0C /* WeatherDataModelTests.swift in Sources */ = {isa = PBXBuildFile; fileRef = 6E33B0BB2CB58EE400B68E0C /* WeatherDataModelTests.swift */; };
		6E33B0BE2CB5923500B68E0C /* LocationManaging.swift in Sources */ = {isa = PBXBuildFile; fileRef = 6E33B0BD2CB5923500B68E0C /* LocationManaging.swift */; };
		6E33B0C42CB5A9CD00B68E0C /* Localizable.strings in Resources */ = {isa = PBXBuildFile; fileRef = 6E33B0C22CB5A9CD00B68E0C /* Localizable.strings */; };
		6EC1E5BF2CB47A6B00BD21FF /* WeatherApp.swift in Sources */ = {isa = PBXBuildFile; fileRef = 6EC1E5BE2CB47A6B00BD21FF /* WeatherApp.swift */; };
		6EC1E5C12CB47A6B00BD21FF /* ContentView.swift in Sources */ = {isa = PBXBuildFile; fileRef = 6EC1E5C02CB47A6B00BD21FF /* ContentView.swift */; };
		6EC1E5C32CB47A6D00BD21FF /* Assets.xcassets in Resources */ = {isa = PBXBuildFile; fileRef = 6EC1E5C22CB47A6D00BD21FF /* Assets.xcassets */; };
		6EC1E5C62CB47A6D00BD21FF /* Preview Assets.xcassets in Resources */ = {isa = PBXBuildFile; fileRef = 6EC1E5C52CB47A6D00BD21FF /* Preview Assets.xcassets */; };
		6EC1E5D02CB47A6E00BD21FF /* WeatherViewModelTests.swift in Sources */ = {isa = PBXBuildFile; fileRef = 6EC1E5CF2CB47A6E00BD21FF /* WeatherViewModelTests.swift */; };
		6EC1E5DA2CB47A6E00BD21FF /* WeatherUITests.swift in Sources */ = {isa = PBXBuildFile; fileRef = 6EC1E5D92CB47A6E00BD21FF /* WeatherUITests.swift */; };
		6EC1E5DC2CB47A6E00BD21FF /* WeatherUITestsLaunchTests.swift in Sources */ = {isa = PBXBuildFile; fileRef = 6EC1E5DB2CB47A6E00BD21FF /* WeatherUITestsLaunchTests.swift */; };
		6EC1E5E92CB47A8E00BD21FF /* Coordinator.swift in Sources */ = {isa = PBXBuildFile; fileRef = 6EC1E5E82CB47A8E00BD21FF /* Coordinator.swift */; };
		6EC1E5EB2CB47AAF00BD21FF /* AppCoordinator.swift in Sources */ = {isa = PBXBuildFile; fileRef = 6EC1E5EA2CB47AAF00BD21FF /* AppCoordinator.swift */; };
		6EC1E5ED2CB47ADD00BD21FF /* HomeView.swift in Sources */ = {isa = PBXBuildFile; fileRef = 6EC1E5EC2CB47ADD00BD21FF /* HomeView.swift */; };
		6EC1E5EF2CB47AF000BD21FF /* DetailView.swift in Sources */ = {isa = PBXBuildFile; fileRef = 6EC1E5EE2CB47AF000BD21FF /* DetailView.swift */; };
		6EC1E5F12CB47BFF00BD21FF /* WeatherViewModel.swift in Sources */ = {isa = PBXBuildFile; fileRef = 6EC1E5F02CB47BFF00BD21FF /* WeatherViewModel.swift */; };
		6EC1E5F32CB47C3300BD21FF /* WeatherService.swift in Sources */ = {isa = PBXBuildFile; fileRef = 6EC1E5F22CB47C3300BD21FF /* WeatherService.swift */; };
		6EC1E5F52CB47C5800BD21FF /* WeatherAPI.swift in Sources */ = {isa = PBXBuildFile; fileRef = 6EC1E5F42CB47C5800BD21FF /* WeatherAPI.swift */; };
		6EC1E5F72CB47C7F00BD21FF /* WeatherData.swift in Sources */ = {isa = PBXBuildFile; fileRef = 6EC1E5F62CB47C7F00BD21FF /* WeatherData.swift */; };
		6EC1E5F92CB4805A00BD21FF /* LocationManager.swift in Sources */ = {isa = PBXBuildFile; fileRef = 6EC1E5F82CB4805A00BD21FF /* LocationManager.swift */; };
		6ECA37E72CB4A310001CAFE1 /* ImageLoader.swift in Sources */ = {isa = PBXBuildFile; fileRef = 6ECA37E62CB4A310001CAFE1 /* ImageLoader.swift */; };
/* End PBXBuildFile section */

/* Begin PBXContainerItemProxy section */
		6EC1E5CC2CB47A6E00BD21FF /* PBXContainerItemProxy */ = {
			isa = PBXContainerItemProxy;
			containerPortal = 6EC1E5B32CB47A6B00BD21FF /* Project object */;
			proxyType = 1;
			remoteGlobalIDString = 6EC1E5BA2CB47A6B00BD21FF;
			remoteInfo = Weather;
		};
		6EC1E5D62CB47A6E00BD21FF /* PBXContainerItemProxy */ = {
			isa = PBXContainerItemProxy;
			containerPortal = 6EC1E5B32CB47A6B00BD21FF /* Project object */;
			proxyType = 1;
			remoteGlobalIDString = 6EC1E5BA2CB47A6B00BD21FF;
			remoteInfo = Weather;
		};
/* End PBXContainerItemProxy section */

/* Begin PBXFileReference section */
		6E33B0B02CB5704300B68E0C /* MapView.swift */ = {isa = PBXFileReference; lastKnownFileType = sourcecode.swift; path = MapView.swift; sourceTree = "<group>"; };
		6E33B0B72CB58C1600B68E0C /* MockWeatherService.swift */ = {isa = PBXFileReference; lastKnownFileType = sourcecode.swift; path = MockWeatherService.swift; sourceTree = "<group>"; };
		6E33B0B92CB58C3900B68E0C /* MockLocationManager.swift */ = {isa = PBXFileReference; lastKnownFileType = sourcecode.swift; path = MockLocationManager.swift; sourceTree = "<group>"; };
		6E33B0BB2CB58EE400B68E0C /* WeatherDataModelTests.swift */ = {isa = PBXFileReference; lastKnownFileType = sourcecode.swift; path = WeatherDataModelTests.swift; sourceTree = "<group>"; };
		6E33B0BD2CB5923500B68E0C /* LocationManaging.swift */ = {isa = PBXFileReference; lastKnownFileType = sourcecode.swift; path = LocationManaging.swift; sourceTree = "<group>"; };
		6E33B0C32CB5A9CD00B68E0C /* en */ = {isa = PBXFileReference; lastKnownFileType = text.plist.strings; name = en; path = en.lproj/Localizable.strings; sourceTree = "<group>"; };
		6E33B0C52CB5B1AF00B68E0C /* es */ = {isa = PBXFileReference; lastKnownFileType = text.plist.strings; name = es; path = es.lproj/Localizable.strings; sourceTree = "<group>"; };
		6E33B0C62CB5BE2200B68E0C /* Info.plist */ = {isa = PBXFileReference; lastKnownFileType = text.plist; path = Info.plist; sourceTree = "<group>"; };
		6EC1E5BB2CB47A6B00BD21FF /* Weather.app */ = {isa = PBXFileReference; explicitFileType = wrapper.application; includeInIndex = 0; path = Weather.app; sourceTree = BUILT_PRODUCTS_DIR; };
		6EC1E5BE2CB47A6B00BD21FF /* WeatherApp.swift */ = {isa = PBXFileReference; lastKnownFileType = sourcecode.swift; path = WeatherApp.swift; sourceTree = "<group>"; };
		6EC1E5C02CB47A6B00BD21FF /* ContentView.swift */ = {isa = PBXFileReference; lastKnownFileType = sourcecode.swift; path = ContentView.swift; sourceTree = "<group>"; };
		6EC1E5C22CB47A6D00BD21FF /* Assets.xcassets */ = {isa = PBXFileReference; lastKnownFileType = folder.assetcatalog; path = Assets.xcassets; sourceTree = "<group>"; };
		6EC1E5C52CB47A6D00BD21FF /* Preview Assets.xcassets */ = {isa = PBXFileReference; lastKnownFileType = folder.assetcatalog; path = "Preview Assets.xcassets"; sourceTree = "<group>"; };
		6EC1E5CB2CB47A6E00BD21FF /* WeatherTests.xctest */ = {isa = PBXFileReference; explicitFileType = wrapper.cfbundle; includeInIndex = 0; path = WeatherTests.xctest; sourceTree = BUILT_PRODUCTS_DIR; };
		6EC1E5CF2CB47A6E00BD21FF /* WeatherViewModelTests.swift */ = {isa = PBXFileReference; lastKnownFileType = sourcecode.swift; path = WeatherViewModelTests.swift; sourceTree = "<group>"; };
		6EC1E5D52CB47A6E00BD21FF /* WeatherUITests.xctest */ = {isa = PBXFileReference; explicitFileType = wrapper.cfbundle; includeInIndex = 0; path = WeatherUITests.xctest; sourceTree = BUILT_PRODUCTS_DIR; };
		6EC1E5D92CB47A6E00BD21FF /* WeatherUITests.swift */ = {isa = PBXFileReference; lastKnownFileType = sourcecode.swift; path = WeatherUITests.swift; sourceTree = "<group>"; };
		6EC1E5DB2CB47A6E00BD21FF /* WeatherUITestsLaunchTests.swift */ = {isa = PBXFileReference; lastKnownFileType = sourcecode.swift; path = WeatherUITestsLaunchTests.swift; sourceTree = "<group>"; };
		6EC1E5E82CB47A8E00BD21FF /* Coordinator.swift */ = {isa = PBXFileReference; lastKnownFileType = sourcecode.swift; path = Coordinator.swift; sourceTree = "<group>"; };
		6EC1E5EA2CB47AAF00BD21FF /* AppCoordinator.swift */ = {isa = PBXFileReference; lastKnownFileType = sourcecode.swift; path = AppCoordinator.swift; sourceTree = "<group>"; };
		6EC1E5EC2CB47ADD00BD21FF /* HomeView.swift */ = {isa = PBXFileReference; lastKnownFileType = sourcecode.swift; path = HomeView.swift; sourceTree = "<group>"; };
		6EC1E5EE2CB47AF000BD21FF /* DetailView.swift */ = {isa = PBXFileReference; lastKnownFileType = sourcecode.swift; path = DetailView.swift; sourceTree = "<group>"; };
		6EC1E5F02CB47BFF00BD21FF /* WeatherViewModel.swift */ = {isa = PBXFileReference; lastKnownFileType = sourcecode.swift; path = WeatherViewModel.swift; sourceTree = "<group>"; };
		6EC1E5F22CB47C3300BD21FF /* WeatherService.swift */ = {isa = PBXFileReference; lastKnownFileType = sourcecode.swift; path = WeatherService.swift; sourceTree = "<group>"; };
		6EC1E5F42CB47C5800BD21FF /* WeatherAPI.swift */ = {isa = PBXFileReference; lastKnownFileType = sourcecode.swift; path = WeatherAPI.swift; sourceTree = "<group>"; };
		6EC1E5F62CB47C7F00BD21FF /* WeatherData.swift */ = {isa = PBXFileReference; lastKnownFileType = sourcecode.swift; path = WeatherData.swift; sourceTree = "<group>"; };
		6EC1E5F82CB4805A00BD21FF /* LocationManager.swift */ = {isa = PBXFileReference; lastKnownFileType = sourcecode.swift; path = LocationManager.swift; sourceTree = "<group>"; };
		6ECA37E62CB4A310001CAFE1 /* ImageLoader.swift */ = {isa = PBXFileReference; lastKnownFileType = sourcecode.swift; path = ImageLoader.swift; sourceTree = "<group>"; };
/* End PBXFileReference section */

/* Begin PBXFrameworksBuildPhase section */
		6EC1E5B82CB47A6B00BD21FF /* Frameworks */ = {
			isa = PBXFrameworksBuildPhase;
			buildActionMask = 2147483647;
			files = (
			);
			runOnlyForDeploymentPostprocessing = 0;
		};
		6EC1E5C82CB47A6E00BD21FF /* Frameworks */ = {
			isa = PBXFrameworksBuildPhase;
			buildActionMask = 2147483647;
			files = (
			);
			runOnlyForDeploymentPostprocessing = 0;
		};
		6EC1E5D22CB47A6E00BD21FF /* Frameworks */ = {
			isa = PBXFrameworksBuildPhase;
			buildActionMask = 2147483647;
			files = (
			);
			runOnlyForDeploymentPostprocessing = 0;
		};
/* End PBXFrameworksBuildPhase section */

/* Begin PBXGroup section */
		6E33B0B22CB58AD200B68E0C /* Models */ = {
			isa = PBXGroup;
			children = (
				6EC1E5F62CB47C7F00BD21FF /* WeatherData.swift */,
			);
			path = Models;
			sourceTree = "<group>";
		};
		6E33B0B32CB58AE200B68E0C /* ViewModels */ = {
			isa = PBXGroup;
			children = (
				6EC1E5F02CB47BFF00BD21FF /* WeatherViewModel.swift */,
			);
			path = ViewModels;
			sourceTree = "<group>";
		};
		6E33B0B42CB58B1B00B68E0C /* Services */ = {
			isa = PBXGroup;
			children = (
				6EC1E5F22CB47C3300BD21FF /* WeatherService.swift */,
				6EC1E5F42CB47C5800BD21FF /* WeatherAPI.swift */,
			);
			path = Services;
			sourceTree = "<group>";
		};
		6E33B0B52CB58B2800B68E0C /* Utilities */ = {
			isa = PBXGroup;
			children = (
				6ECA37E62CB4A310001CAFE1 /* ImageLoader.swift */,
			);
			path = Utilities;
			sourceTree = "<group>";
		};
		6E33B0B62CB58C0300B68E0C /* Mocks */ = {
			isa = PBXGroup;
			children = (
				6E33B0B72CB58C1600B68E0C /* MockWeatherService.swift */,
				6E33B0B92CB58C3900B68E0C /* MockLocationManager.swift */,
			);
			path = Mocks;
			sourceTree = "<group>";
		};
		6E33B0BF2CB5931B00B68E0C /* Views */ = {
			isa = PBXGroup;
			children = (
				6EC1E5C02CB47A6B00BD21FF /* ContentView.swift */,
				6EC1E5EE2CB47AF000BD21FF /* DetailView.swift */,
				6EC1E5EC2CB47ADD00BD21FF /* HomeView.swift */,
				6E33B0B02CB5704300B68E0C /* MapView.swift */,
			);
			path = Views;
			sourceTree = "<group>";
		};
		6E33B0C02CB5934400B68E0C /* Coordinators */ = {
			isa = PBXGroup;
			children = (
				6EC1E5EA2CB47AAF00BD21FF /* AppCoordinator.swift */,
				6EC1E5E82CB47A8E00BD21FF /* Coordinator.swift */,
			);
			path = Coordinators;
			sourceTree = "<group>";
		};
		6E33B0C12CB5935300B68E0C /* LocationManaging */ = {
			isa = PBXGroup;
			children = (
				6EC1E5F82CB4805A00BD21FF /* LocationManager.swift */,
				6E33B0BD2CB5923500B68E0C /* LocationManaging.swift */,
			);
			path = LocationManaging;
			sourceTree = "<group>";
		};
		6EC1E5B22CB47A6B00BD21FF = {
			isa = PBXGroup;
			children = (
				6EC1E5BD2CB47A6B00BD21FF /* Weather */,
				6EC1E5CE2CB47A6E00BD21FF /* WeatherTests */,
				6EC1E5D82CB47A6E00BD21FF /* WeatherUITests */,
				6EC1E5BC2CB47A6B00BD21FF /* Products */,
			);
			sourceTree = "<group>";
		};
		6EC1E5BC2CB47A6B00BD21FF /* Products */ = {
			isa = PBXGroup;
			children = (
				6EC1E5BB2CB47A6B00BD21FF /* Weather.app */,
				6EC1E5CB2CB47A6E00BD21FF /* WeatherTests.xctest */,
				6EC1E5D52CB47A6E00BD21FF /* WeatherUITests.xctest */,
			);
			name = Products;
			sourceTree = "<group>";
		};
		6EC1E5BD2CB47A6B00BD21FF /* Weather */ = {
			isa = PBXGroup;
			children = (
				6E33B0C62CB5BE2200B68E0C /* Info.plist */,
				6E33B0C02CB5934400B68E0C /* Coordinators */,
				6E33B0C12CB5935300B68E0C /* LocationManaging */,
				6E33B0B22CB58AD200B68E0C /* Models */,
				6E33B0BF2CB5931B00B68E0C /* Views */,
				6E33B0B32CB58AE200B68E0C /* ViewModels */,
				6E33B0B42CB58B1B00B68E0C /* Services */,
				6E33B0B52CB58B2800B68E0C /* Utilities */,
				6EC1E5BE2CB47A6B00BD21FF /* WeatherApp.swift */,
				6E33B0C22CB5A9CD00B68E0C /* Localizable.strings */,
				6EC1E5C22CB47A6D00BD21FF /* Assets.xcassets */,
				6EC1E5C42CB47A6D00BD21FF /* Preview Content */,
			);
			path = Weather;
			sourceTree = "<group>";
		};
		6EC1E5C42CB47A6D00BD21FF /* Preview Content */ = {
			isa = PBXGroup;
			children = (
				6EC1E5C52CB47A6D00BD21FF /* Preview Assets.xcassets */,
			);
			path = "Preview Content";
			sourceTree = "<group>";
		};
		6EC1E5CE2CB47A6E00BD21FF /* WeatherTests */ = {
			isa = PBXGroup;
			children = (
				6E33B0B62CB58C0300B68E0C /* Mocks */,
				6E33B0BB2CB58EE400B68E0C /* WeatherDataModelTests.swift */,
				6EC1E5CF2CB47A6E00BD21FF /* WeatherViewModelTests.swift */,
			);
			path = WeatherTests;
			sourceTree = "<group>";
		};
		6EC1E5D82CB47A6E00BD21FF /* WeatherUITests */ = {
			isa = PBXGroup;
			children = (
				6EC1E5D92CB47A6E00BD21FF /* WeatherUITests.swift */,
				6EC1E5DB2CB47A6E00BD21FF /* WeatherUITestsLaunchTests.swift */,
			);
			path = WeatherUITests;
			sourceTree = "<group>";
		};
/* End PBXGroup section */

/* Begin PBXNativeTarget section */
		6EC1E5BA2CB47A6B00BD21FF /* Weather */ = {
			isa = PBXNativeTarget;
			buildConfigurationList = 6EC1E5DF2CB47A6E00BD21FF /* Build configuration list for PBXNativeTarget "Weather" */;
			buildPhases = (
				6EC1E5B72CB47A6B00BD21FF /* Sources */,
				6EC1E5B82CB47A6B00BD21FF /* Frameworks */,
				6EC1E5B92CB47A6B00BD21FF /* Resources */,
			);
			buildRules = (
			);
			dependencies = (
			);
			name = Weather;
			productName = Weather;
			productReference = 6EC1E5BB2CB47A6B00BD21FF /* Weather.app */;
			productType = "com.apple.product-type.application";
		};
		6EC1E5CA2CB47A6E00BD21FF /* WeatherTests */ = {
			isa = PBXNativeTarget;
			buildConfigurationList = 6EC1E5E22CB47A6E00BD21FF /* Build configuration list for PBXNativeTarget "WeatherTests" */;
			buildPhases = (
				6EC1E5C72CB47A6E00BD21FF /* Sources */,
				6EC1E5C82CB47A6E00BD21FF /* Frameworks */,
				6EC1E5C92CB47A6E00BD21FF /* Resources */,
			);
			buildRules = (
			);
			dependencies = (
				6EC1E5CD2CB47A6E00BD21FF /* PBXTargetDependency */,
			);
			name = WeatherTests;
			productName = WeatherTests;
			productReference = 6EC1E5CB2CB47A6E00BD21FF /* WeatherTests.xctest */;
			productType = "com.apple.product-type.bundle.unit-test";
		};
		6EC1E5D42CB47A6E00BD21FF /* WeatherUITests */ = {
			isa = PBXNativeTarget;
			buildConfigurationList = 6EC1E5E52CB47A6E00BD21FF /* Build configuration list for PBXNativeTarget "WeatherUITests" */;
			buildPhases = (
				6EC1E5D12CB47A6E00BD21FF /* Sources */,
				6EC1E5D22CB47A6E00BD21FF /* Frameworks */,
				6EC1E5D32CB47A6E00BD21FF /* Resources */,
			);
			buildRules = (
			);
			dependencies = (
				6EC1E5D72CB47A6E00BD21FF /* PBXTargetDependency */,
			);
			name = WeatherUITests;
			productName = WeatherUITests;
			productReference = 6EC1E5D52CB47A6E00BD21FF /* WeatherUITests.xctest */;
			productType = "com.apple.product-type.bundle.ui-testing";
		};
/* End PBXNativeTarget section */

/* Begin PBXProject section */
		6EC1E5B32CB47A6B00BD21FF /* Project object */ = {
			isa = PBXProject;
			attributes = {
				BuildIndependentTargetsInParallel = 1;
				LastSwiftUpdateCheck = 1540;
				LastUpgradeCheck = 1540;
				TargetAttributes = {
					6EC1E5BA2CB47A6B00BD21FF = {
						CreatedOnToolsVersion = 15.4;
					};
					6EC1E5CA2CB47A6E00BD21FF = {
						CreatedOnToolsVersion = 15.4;
						TestTargetID = 6EC1E5BA2CB47A6B00BD21FF;
					};
					6EC1E5D42CB47A6E00BD21FF = {
						CreatedOnToolsVersion = 15.4;
						TestTargetID = 6EC1E5BA2CB47A6B00BD21FF;
					};
				};
			};
			buildConfigurationList = 6EC1E5B62CB47A6B00BD21FF /* Build configuration list for PBXProject "Weather" */;
			compatibilityVersion = "Xcode 14.0";
			developmentRegion = en;
			hasScannedForEncodings = 0;
			knownRegions = (
				en,
				Base,
				es,
			);
			mainGroup = 6EC1E5B22CB47A6B00BD21FF;
			productRefGroup = 6EC1E5BC2CB47A6B00BD21FF /* Products */;
			projectDirPath = "";
			projectRoot = "";
			targets = (
				6EC1E5BA2CB47A6B00BD21FF /* Weather */,
				6EC1E5CA2CB47A6E00BD21FF /* WeatherTests */,
				6EC1E5D42CB47A6E00BD21FF /* WeatherUITests */,
			);
		};
/* End PBXProject section */

/* Begin PBXResourcesBuildPhase section */
		6EC1E5B92CB47A6B00BD21FF /* Resources */ = {
			isa = PBXResourcesBuildPhase;
			buildActionMask = 2147483647;
			files = (
				6EC1E5C62CB47A6D00BD21FF /* Preview Assets.xcassets in Resources */,
				6E33B0C42CB5A9CD00B68E0C /* Localizable.strings in Resources */,
				6EC1E5C32CB47A6D00BD21FF /* Assets.xcassets in Resources */,
			);
			runOnlyForDeploymentPostprocessing = 0;
		};
		6EC1E5C92CB47A6E00BD21FF /* Resources */ = {
			isa = PBXResourcesBuildPhase;
			buildActionMask = 2147483647;
			files = (
			);
			runOnlyForDeploymentPostprocessing = 0;
		};
		6EC1E5D32CB47A6E00BD21FF /* Resources */ = {
			isa = PBXResourcesBuildPhase;
			buildActionMask = 2147483647;
			files = (
			);
			runOnlyForDeploymentPostprocessing = 0;
		};
/* End PBXResourcesBuildPhase section */

/* Begin PBXSourcesBuildPhase section */
		6EC1E5B72CB47A6B00BD21FF /* Sources */ = {
			isa = PBXSourcesBuildPhase;
			buildActionMask = 2147483647;
			files = (
				6EC1E5F52CB47C5800BD21FF /* WeatherAPI.swift in Sources */,
				6EC1E5F32CB47C3300BD21FF /* WeatherService.swift in Sources */,
				6ECA37E72CB4A310001CAFE1 /* ImageLoader.swift in Sources */,
				6EC1E5EB2CB47AAF00BD21FF /* AppCoordinator.swift in Sources */,
				6E33B0B12CB5704300B68E0C /* MapView.swift in Sources */,
				6EC1E5F92CB4805A00BD21FF /* LocationManager.swift in Sources */,
				6EC1E5EF2CB47AF000BD21FF /* DetailView.swift in Sources */,
				6EC1E5C12CB47A6B00BD21FF /* ContentView.swift in Sources */,
				6E33B0BE2CB5923500B68E0C /* LocationManaging.swift in Sources */,
				6EC1E5F12CB47BFF00BD21FF /* WeatherViewModel.swift in Sources */,
				6EC1E5F72CB47C7F00BD21FF /* WeatherData.swift in Sources */,
				6EC1E5BF2CB47A6B00BD21FF /* WeatherApp.swift in Sources */,
				6EC1E5ED2CB47ADD00BD21FF /* HomeView.swift in Sources */,
				6EC1E5E92CB47A8E00BD21FF /* Coordinator.swift in Sources */,
			);
			runOnlyForDeploymentPostprocessing = 0;
		};
		6EC1E5C72CB47A6E00BD21FF /* Sources */ = {
			isa = PBXSourcesBuildPhase;
			buildActionMask = 2147483647;
			files = (
				6E33B0BC2CB58EE400B68E0C /* WeatherDataModelTests.swift in Sources */,
				6E33B0B82CB58C1600B68E0C /* MockWeatherService.swift in Sources */,
				6EC1E5D02CB47A6E00BD21FF /* WeatherViewModelTests.swift in Sources */,
				6E33B0BA2CB58C3900B68E0C /* MockLocationManager.swift in Sources */,
			);
			runOnlyForDeploymentPostprocessing = 0;
		};
		6EC1E5D12CB47A6E00BD21FF /* Sources */ = {
			isa = PBXSourcesBuildPhase;
			buildActionMask = 2147483647;
			files = (
				6EC1E5DA2CB47A6E00BD21FF /* WeatherUITests.swift in Sources */,
				6EC1E5DC2CB47A6E00BD21FF /* WeatherUITestsLaunchTests.swift in Sources */,
			);
			runOnlyForDeploymentPostprocessing = 0;
		};
/* End PBXSourcesBuildPhase section */

/* Begin PBXTargetDependency section */
		6EC1E5CD2CB47A6E00BD21FF /* PBXTargetDependency */ = {
			isa = PBXTargetDependency;
			target = 6EC1E5BA2CB47A6B00BD21FF /* Weather */;
			targetProxy = 6EC1E5CC2CB47A6E00BD21FF /* PBXContainerItemProxy */;
		};
		6EC1E5D72CB47A6E00BD21FF /* PBXTargetDependency */ = {
			isa = PBXTargetDependency;
			target = 6EC1E5BA2CB47A6B00BD21FF /* Weather */;
			targetProxy = 6EC1E5D62CB47A6E00BD21FF /* PBXContainerItemProxy */;
		};
/* End PBXTargetDependency section */

/* Begin PBXVariantGroup section */
		6E33B0C22CB5A9CD00B68E0C /* Localizable.strings */ = {
			isa = PBXVariantGroup;
			children = (
				6E33B0C32CB5A9CD00B68E0C /* en */,
				6E33B0C52CB5B1AF00B68E0C /* es */,
			);
			name = Localizable.strings;
			sourceTree = "<group>";
		};
/* End PBXVariantGroup section */

/* Begin XCBuildConfiguration section */
		6EC1E5DD2CB47A6E00BD21FF /* Debug */ = {
			isa = XCBuildConfiguration;
			buildSettings = {
				ALWAYS_SEARCH_USER_PATHS = NO;
				ASSETCATALOG_COMPILER_GENERATE_SWIFT_ASSET_SYMBOL_EXTENSIONS = YES;
				CLANG_ANALYZER_LOCALIZABILITY_NONLOCALIZED = YES;
				CLANG_ANALYZER_NONNULL = YES;
				CLANG_ANALYZER_NUMBER_OBJECT_CONVERSION = YES_AGGRESSIVE;
				CLANG_CXX_LANGUAGE_STANDARD = "gnu++20";
				CLANG_ENABLE_MODULES = YES;
				CLANG_ENABLE_OBJC_ARC = YES;
				CLANG_ENABLE_OBJC_WEAK = YES;
				CLANG_WARN_BLOCK_CAPTURE_AUTORELEASING = YES;
				CLANG_WARN_BOOL_CONVERSION = YES;
				CLANG_WARN_COMMA = YES;
				CLANG_WARN_CONSTANT_CONVERSION = YES;
				CLANG_WARN_DEPRECATED_OBJC_IMPLEMENTATIONS = YES;
				CLANG_WARN_DIRECT_OBJC_ISA_USAGE = YES_ERROR;
				CLANG_WARN_DOCUMENTATION_COMMENTS = YES;
				CLANG_WARN_EMPTY_BODY = YES;
				CLANG_WARN_ENUM_CONVERSION = YES;
				CLANG_WARN_INFINITE_RECURSION = YES;
				CLANG_WARN_INT_CONVERSION = YES;
				CLANG_WARN_NON_LITERAL_NULL_CONVERSION = YES;
				CLANG_WARN_OBJC_IMPLICIT_RETAIN_SELF = YES;
				CLANG_WARN_OBJC_LITERAL_CONVERSION = YES;
				CLANG_WARN_OBJC_ROOT_CLASS = YES_ERROR;
				CLANG_WARN_QUOTED_INCLUDE_IN_FRAMEWORK_HEADER = YES;
				CLANG_WARN_RANGE_LOOP_ANALYSIS = YES;
				CLANG_WARN_STRICT_PROTOTYPES = YES;
				CLANG_WARN_SUSPICIOUS_MOVE = YES;
				CLANG_WARN_UNGUARDED_AVAILABILITY = YES_AGGRESSIVE;
				CLANG_WARN_UNREACHABLE_CODE = YES;
				CLANG_WARN__DUPLICATE_METHOD_MATCH = YES;
				COPY_PHASE_STRIP = NO;
				DEBUG_INFORMATION_FORMAT = dwarf;
				ENABLE_STRICT_OBJC_MSGSEND = YES;
				ENABLE_TESTABILITY = YES;
				ENABLE_USER_SCRIPT_SANDBOXING = YES;
				GCC_C_LANGUAGE_STANDARD = gnu17;
				GCC_DYNAMIC_NO_PIC = NO;
				GCC_NO_COMMON_BLOCKS = YES;
				GCC_OPTIMIZATION_LEVEL = 0;
				GCC_PREPROCESSOR_DEFINITIONS = (
					"DEBUG=1",
					"$(inherited)",
				);
				GCC_WARN_64_TO_32_BIT_CONVERSION = YES;
				GCC_WARN_ABOUT_RETURN_TYPE = YES_ERROR;
				GCC_WARN_UNDECLARED_SELECTOR = YES;
				GCC_WARN_UNINITIALIZED_AUTOS = YES_AGGRESSIVE;
				GCC_WARN_UNUSED_FUNCTION = YES;
				GCC_WARN_UNUSED_VARIABLE = YES;
				IPHONEOS_DEPLOYMENT_TARGET = 17.5;
				LOCALIZATION_PREFERS_STRING_CATALOGS = YES;
				MTL_ENABLE_DEBUG_INFO = INCLUDE_SOURCE;
				MTL_FAST_MATH = YES;
				ONLY_ACTIVE_ARCH = YES;
				SDKROOT = iphoneos;
				SWIFT_ACTIVE_COMPILATION_CONDITIONS = "DEBUG $(inherited)";
				SWIFT_OPTIMIZATION_LEVEL = "-Onone";
			};
			name = Debug;
		};
		6EC1E5DE2CB47A6E00BD21FF /* Release */ = {
			isa = XCBuildConfiguration;
			buildSettings = {
				ALWAYS_SEARCH_USER_PATHS = NO;
				ASSETCATALOG_COMPILER_GENERATE_SWIFT_ASSET_SYMBOL_EXTENSIONS = YES;
				CLANG_ANALYZER_LOCALIZABILITY_NONLOCALIZED = YES;
				CLANG_ANALYZER_NONNULL = YES;
				CLANG_ANALYZER_NUMBER_OBJECT_CONVERSION = YES_AGGRESSIVE;
				CLANG_CXX_LANGUAGE_STANDARD = "gnu++20";
				CLANG_ENABLE_MODULES = YES;
				CLANG_ENABLE_OBJC_ARC = YES;
				CLANG_ENABLE_OBJC_WEAK = YES;
				CLANG_WARN_BLOCK_CAPTURE_AUTORELEASING = YES;
				CLANG_WARN_BOOL_CONVERSION = YES;
				CLANG_WARN_COMMA = YES;
				CLANG_WARN_CONSTANT_CONVERSION = YES;
				CLANG_WARN_DEPRECATED_OBJC_IMPLEMENTATIONS = YES;
				CLANG_WARN_DIRECT_OBJC_ISA_USAGE = YES_ERROR;
				CLANG_WARN_DOCUMENTATION_COMMENTS = YES;
				CLANG_WARN_EMPTY_BODY = YES;
				CLANG_WARN_ENUM_CONVERSION = YES;
				CLANG_WARN_INFINITE_RECURSION = YES;
				CLANG_WARN_INT_CONVERSION = YES;
				CLANG_WARN_NON_LITERAL_NULL_CONVERSION = YES;
				CLANG_WARN_OBJC_IMPLICIT_RETAIN_SELF = YES;
				CLANG_WARN_OBJC_LITERAL_CONVERSION = YES;
				CLANG_WARN_OBJC_ROOT_CLASS = YES_ERROR;
				CLANG_WARN_QUOTED_INCLUDE_IN_FRAMEWORK_HEADER = YES;
				CLANG_WARN_RANGE_LOOP_ANALYSIS = YES;
				CLANG_WARN_STRICT_PROTOTYPES = YES;
				CLANG_WARN_SUSPICIOUS_MOVE = YES;
				CLANG_WARN_UNGUARDED_AVAILABILITY = YES_AGGRESSIVE;
				CLANG_WARN_UNREACHABLE_CODE = YES;
				CLANG_WARN__DUPLICATE_METHOD_MATCH = YES;
				COPY_PHASE_STRIP = NO;
				DEBUG_INFORMATION_FORMAT = "dwarf-with-dsym";
				ENABLE_NS_ASSERTIONS = NO;
				ENABLE_STRICT_OBJC_MSGSEND = YES;
				ENABLE_USER_SCRIPT_SANDBOXING = YES;
				GCC_C_LANGUAGE_STANDARD = gnu17;
				GCC_NO_COMMON_BLOCKS = YES;
				GCC_WARN_64_TO_32_BIT_CONVERSION = YES;
				GCC_WARN_ABOUT_RETURN_TYPE = YES_ERROR;
				GCC_WARN_UNDECLARED_SELECTOR = YES;
				GCC_WARN_UNINITIALIZED_AUTOS = YES_AGGRESSIVE;
				GCC_WARN_UNUSED_FUNCTION = YES;
				GCC_WARN_UNUSED_VARIABLE = YES;
				IPHONEOS_DEPLOYMENT_TARGET = 17.5;
				LOCALIZATION_PREFERS_STRING_CATALOGS = YES;
				MTL_ENABLE_DEBUG_INFO = NO;
				MTL_FAST_MATH = YES;
				SDKROOT = iphoneos;
				SWIFT_COMPILATION_MODE = wholemodule;
				VALIDATE_PRODUCT = YES;
			};
			name = Release;
		};
		6EC1E5E02CB47A6E00BD21FF /* Debug */ = {
			isa = XCBuildConfiguration;
			buildSettings = {
				ASSETCATALOG_COMPILER_APPICON_NAME = AppIcon;
				ASSETCATALOG_COMPILER_GLOBAL_ACCENT_COLOR_NAME = AccentColor;
				CODE_SIGN_STYLE = Automatic;
				CURRENT_PROJECT_VERSION = 1;
				DEVELOPMENT_ASSET_PATHS = "\"Weather/Preview Content\"";
				DEVELOPMENT_TEAM = U8KG77NYQD;
				ENABLE_PREVIEWS = YES;
				GENERATE_INFOPLIST_FILE = YES;
				INFOPLIST_FILE = Weather/Info.plist;
				INFOPLIST_KEY_NSLocationWhenInUseUsageDescription = "We need your location to provide local weather updates";
				INFOPLIST_KEY_UIApplicationSceneManifest_Generation = YES;
				INFOPLIST_KEY_UIApplicationSupportsIndirectInputEvents = YES;
				INFOPLIST_KEY_UILaunchScreen_Generation = YES;
				INFOPLIST_KEY_UISupportedInterfaceOrientations_iPad = "UIInterfaceOrientationPortrait UIInterfaceOrientationPortraitUpsideDown UIInterfaceOrientationLandscapeLeft UIInterfaceOrientationLandscapeRight";
				INFOPLIST_KEY_UISupportedInterfaceOrientations_iPhone = "UIInterfaceOrientationPortrait UIInterfaceOrientationLandscapeLeft UIInterfaceOrientationLandscapeRight";
				LD_RUNPATH_SEARCH_PATHS = (
					"$(inherited)",
					"@executable_path/Frameworks",
				);
				MARKETING_VERSION = 1.0;
				PRODUCT_BUNDLE_IDENTIFIER = com.tattvamusic.Weather;
				PRODUCT_NAME = "$(TARGET_NAME)";
				SWIFT_EMIT_LOC_STRINGS = YES;
				SWIFT_VERSION = 5.0;
				TARGETED_DEVICE_FAMILY = "1,2";
			};
			name = Debug;
		};
		6EC1E5E12CB47A6E00BD21FF /* Release */ = {
			isa = XCBuildConfiguration;
			buildSettings = {
				ASSETCATALOG_COMPILER_APPICON_NAME = AppIcon;
				ASSETCATALOG_COMPILER_GLOBAL_ACCENT_COLOR_NAME = AccentColor;
				CODE_SIGN_STYLE = Automatic;
				CURRENT_PROJECT_VERSION = 1;
				DEVELOPMENT_ASSET_PATHS = "\"Weather/Preview Content\"";
				DEVELOPMENT_TEAM = U8KG77NYQD;
				ENABLE_PREVIEWS = YES;
				GENERATE_INFOPLIST_FILE = YES;
				INFOPLIST_FILE = Weather/Info.plist;
				INFOPLIST_KEY_NSLocationWhenInUseUsageDescription = "We need your location to provide local weather updates";
				INFOPLIST_KEY_UIApplicationSceneManifest_Generation = YES;
				INFOPLIST_KEY_UIApplicationSupportsIndirectInputEvents = YES;
				INFOPLIST_KEY_UILaunchScreen_Generation = YES;
				INFOPLIST_KEY_UISupportedInterfaceOrientations_iPad = "UIInterfaceOrientationPortrait UIInterfaceOrientationPortraitUpsideDown UIInterfaceOrientationLandscapeLeft UIInterfaceOrientationLandscapeRight";
				INFOPLIST_KEY_UISupportedInterfaceOrientations_iPhone = "UIInterfaceOrientationPortrait UIInterfaceOrientationLandscapeLeft UIInterfaceOrientationLandscapeRight";
				LD_RUNPATH_SEARCH_PATHS = (
					"$(inherited)",
					"@executable_path/Frameworks",
				);
				MARKETING_VERSION = 1.0;
				PRODUCT_BUNDLE_IDENTIFIER = com.tattvamusic.Weather;
				PRODUCT_NAME = "$(TARGET_NAME)";
				SWIFT_EMIT_LOC_STRINGS = YES;
				SWIFT_VERSION = 5.0;
				TARGETED_DEVICE_FAMILY = "1,2";
			};
			name = Release;
		};
		6EC1E5E32CB47A6E00BD21FF /* Debug */ = {
			isa = XCBuildConfiguration;
			buildSettings = {
				ALWAYS_EMBED_SWIFT_STANDARD_LIBRARIES = YES;
				BUNDLE_LOADER = "$(TEST_HOST)";
				CODE_SIGN_STYLE = Automatic;
				CURRENT_PROJECT_VERSION = 1;
				DEVELOPMENT_TEAM = U8KG77NYQD;
				GENERATE_INFOPLIST_FILE = YES;
				IPHONEOS_DEPLOYMENT_TARGET = 17.5;
				MARKETING_VERSION = 1.0;
				PRODUCT_BUNDLE_IDENTIFIER = com.tattvamusic.WeatherTests;
				PRODUCT_NAME = "$(TARGET_NAME)";
				SWIFT_EMIT_LOC_STRINGS = NO;
				SWIFT_VERSION = 5.0;
				TARGETED_DEVICE_FAMILY = "1,2";
				TEST_HOST = "$(BUILT_PRODUCTS_DIR)/Weather.app/$(BUNDLE_EXECUTABLE_FOLDER_PATH)/Weather";
			};
			name = Debug;
		};
		6EC1E5E42CB47A6E00BD21FF /* Release */ = {
			isa = XCBuildConfiguration;
			buildSettings = {
				ALWAYS_EMBED_SWIFT_STANDARD_LIBRARIES = YES;
				BUNDLE_LOADER = "$(TEST_HOST)";
				CODE_SIGN_STYLE = Automatic;
				CURRENT_PROJECT_VERSION = 1;
				DEVELOPMENT_TEAM = U8KG77NYQD;
				GENERATE_INFOPLIST_FILE = YES;
				IPHONEOS_DEPLOYMENT_TARGET = 17.5;
				MARKETING_VERSION = 1.0;
				PRODUCT_BUNDLE_IDENTIFIER = com.tattvamusic.WeatherTests;
				PRODUCT_NAME = "$(TARGET_NAME)";
				SWIFT_EMIT_LOC_STRINGS = NO;
				SWIFT_VERSION = 5.0;
				TARGETED_DEVICE_FAMILY = "1,2";
				TEST_HOST = "$(BUILT_PRODUCTS_DIR)/Weather.app/$(BUNDLE_EXECUTABLE_FOLDER_PATH)/Weather";
			};
			name = Release;
		};
		6EC1E5E62CB47A6E00BD21FF /* Debug */ = {
			isa = XCBuildConfiguration;
			buildSettings = {
				ALWAYS_EMBED_SWIFT_STANDARD_LIBRARIES = YES;
				CODE_SIGN_STYLE = Automatic;
				CURRENT_PROJECT_VERSION = 1;
				DEVELOPMENT_TEAM = U8KG77NYQD;
				GENERATE_INFOPLIST_FILE = YES;
				MARKETING_VERSION = 1.0;
				PRODUCT_BUNDLE_IDENTIFIER = com.tattvamusic.WeatherUITests;
				PRODUCT_NAME = "$(TARGET_NAME)";
				SWIFT_EMIT_LOC_STRINGS = NO;
				SWIFT_VERSION = 5.0;
				TARGETED_DEVICE_FAMILY = "1,2";
				TEST_TARGET_NAME = Weather;
			};
			name = Debug;
		};
		6EC1E5E72CB47A6E00BD21FF /* Release */ = {
			isa = XCBuildConfiguration;
			buildSettings = {
				ALWAYS_EMBED_SWIFT_STANDARD_LIBRARIES = YES;
				CODE_SIGN_STYLE = Automatic;
				CURRENT_PROJECT_VERSION = 1;
				DEVELOPMENT_TEAM = U8KG77NYQD;
				GENERATE_INFOPLIST_FILE = YES;
				MARKETING_VERSION = 1.0;
				PRODUCT_BUNDLE_IDENTIFIER = com.tattvamusic.WeatherUITests;
				PRODUCT_NAME = "$(TARGET_NAME)";
				SWIFT_EMIT_LOC_STRINGS = NO;
				SWIFT_VERSION = 5.0;
				TARGETED_DEVICE_FAMILY = "1,2";
				TEST_TARGET_NAME = Weather;
			};
			name = Release;
		};
/* End XCBuildConfiguration section */

/* Begin XCConfigurationList section */
		6EC1E5B62CB47A6B00BD21FF /* Build configuration list for PBXProject "Weather" */ = {
			isa = XCConfigurationList;
			buildConfigurations = (
				6EC1E5DD2CB47A6E00BD21FF /* Debug */,
				6EC1E5DE2CB47A6E00BD21FF /* Release */,
			);
			defaultConfigurationIsVisible = 0;
			defaultConfigurationName = Release;
		};
		6EC1E5DF2CB47A6E00BD21FF /* Build configuration list for PBXNativeTarget "Weather" */ = {
			isa = XCConfigurationList;
			buildConfigurations = (
				6EC1E5E02CB47A6E00BD21FF /* Debug */,
				6EC1E5E12CB47A6E00BD21FF /* Release */,
			);
			defaultConfigurationIsVisible = 0;
			defaultConfigurationName = Release;
		};
		6EC1E5E22CB47A6E00BD21FF /* Build configuration list for PBXNativeTarget "WeatherTests" */ = {
			isa = XCConfigurationList;
			buildConfigurations = (
				6EC1E5E32CB47A6E00BD21FF /* Debug */,
				6EC1E5E42CB47A6E00BD21FF /* Release */,
			);
			defaultConfigurationIsVisible = 0;
			defaultConfigurationName = Release;
		};
		6EC1E5E52CB47A6E00BD21FF /* Build configuration list for PBXNativeTarget "WeatherUITests" */ = {
			isa = XCConfigurationList;
			buildConfigurations = (
				6EC1E5E62CB47A6E00BD21FF /* Debug */,
				6EC1E5E72CB47A6E00BD21FF /* Release */,
			);
			defaultConfigurationIsVisible = 0;
			defaultConfigurationName = Release;
		};
/* End XCConfigurationList section */
	};
	rootObject = 6EC1E5B32CB47A6B00BD21FF /* Project object */;
}
